// !$*UTF8*$!
{
	archiveVersion = 1;
	classes = {
	};
	objectVersion = 55;
	objects = {

/* Begin PBXBuildFile section */
		1B573E04283A166F00B729CE /* Bulls_EyeApp.swift in Sources */ = {isa = PBXBuildFile; fileRef = 1B573E03283A166F00B729CE /* Bulls_EyeApp.swift */; };
		1B573E06283A166F00B729CE /* ContentView.swift in Sources */ = {isa = PBXBuildFile; fileRef = 1B573E05283A166F00B729CE /* ContentView.swift */; };
		1B573E08283A167100B729CE /* Assets.xcassets in Resources */ = {isa = PBXBuildFile; fileRef = 1B573E07283A167100B729CE /* Assets.xcassets */; };
		1B573E0B283A167100B729CE /* Preview Assets.xcassets in Resources */ = {isa = PBXBuildFile; fileRef = 1B573E0A283A167100B729CE /* Preview Assets.xcassets */; };
		1B573E15283B3C9E00B729CE /* Game.swift in Sources */ = {isa = PBXBuildFile; fileRef = 1B573E14283B3C9E00B729CE /* Game.swift */; };
		1B573E1D283B42DE00B729CE /* Bulls_EyeTests.swift in Sources */ = {isa = PBXBuildFile; fileRef = 1B573E1C283B42DE00B729CE /* Bulls_EyeTests.swift */; };
		1B573E24283C8A8E00B729CE /* TextViews.swift in Sources */ = {isa = PBXBuildFile; fileRef = 1B573E23283C8A8E00B729CE /* TextViews.swift */; };
		1B7A9205283C991100D04D20 /* ButtonViews.swift in Sources */ = {isa = PBXBuildFile; fileRef = 1B7A9204283C991100D04D20 /* ButtonViews.swift */; };
		1B7A9207283CA05F00D04D20 /* Shapes.swift in Sources */ = {isa = PBXBuildFile; fileRef = 1B7A9206283CA05F00D04D20 /* Shapes.swift */; };
		1B7A9209283CAB4400D04D20 /* RoundViews.swift in Sources */ = {isa = PBXBuildFile; fileRef = 1B7A9208283CAB4400D04D20 /* RoundViews.swift */; };
/* End PBXBuildFile section */

/* Begin PBXContainerItemProxy section */
		1B573E1E283B42DE00B729CE /* PBXContainerItemProxy */ = {
			isa = PBXContainerItemProxy;
			containerPortal = 1B573DF8283A166F00B729CE /* Project object */;
			proxyType = 1;
			remoteGlobalIDString = 1B573DFF283A166F00B729CE;
			remoteInfo = "Bulls Eye";
		};
/* End PBXContainerItemProxy section */

/* Begin PBXFileReference section */
		1B573E00283A166F00B729CE /* Bulls Eye.app */ = {isa = PBXFileReference; explicitFileType = wrapper.application; includeInIndex = 0; path = "Bulls Eye.app"; sourceTree = BUILT_PRODUCTS_DIR; };
		1B573E03283A166F00B729CE /* Bulls_EyeApp.swift */ = {isa = PBXFileReference; lastKnownFileType = sourcecode.swift; path = Bulls_EyeApp.swift; sourceTree = "<group>"; };
		1B573E05283A166F00B729CE /* ContentView.swift */ = {isa = PBXFileReference; lastKnownFileType = sourcecode.swift; path = ContentView.swift; sourceTree = "<group>"; };
		1B573E07283A167100B729CE /* Assets.xcassets */ = {isa = PBXFileReference; lastKnownFileType = folder.assetcatalog; path = Assets.xcassets; sourceTree = "<group>"; };
		1B573E0A283A167100B729CE /* Preview Assets.xcassets */ = {isa = PBXFileReference; lastKnownFileType = folder.assetcatalog; path = "Preview Assets.xcassets"; sourceTree = "<group>"; };
		1B573E14283B3C9E00B729CE /* Game.swift */ = {isa = PBXFileReference; lastKnownFileType = sourcecode.swift; path = Game.swift; sourceTree = "<group>"; };
		1B573E1A283B42DE00B729CE /* Bulls EyeTests.xctest */ = {isa = PBXFileReference; explicitFileType = wrapper.cfbundle; includeInIndex = 0; path = "Bulls EyeTests.xctest"; sourceTree = BUILT_PRODUCTS_DIR; };
		1B573E1C283B42DE00B729CE /* Bulls_EyeTests.swift */ = {isa = PBXFileReference; lastKnownFileType = sourcecode.swift; path = Bulls_EyeTests.swift; sourceTree = "<group>"; };
		1B573E23283C8A8E00B729CE /* TextViews.swift */ = {isa = PBXFileReference; lastKnownFileType = sourcecode.swift; path = TextViews.swift; sourceTree = "<group>"; };
		1B7A9204283C991100D04D20 /* ButtonViews.swift */ = {isa = PBXFileReference; lastKnownFileType = sourcecode.swift; path = ButtonViews.swift; sourceTree = "<group>"; };
		1B7A9206283CA05F00D04D20 /* Shapes.swift */ = {isa = PBXFileReference; lastKnownFileType = sourcecode.swift; path = Shapes.swift; sourceTree = "<group>"; };
		1B7A9208283CAB4400D04D20 /* RoundViews.swift */ = {isa = PBXFileReference; lastKnownFileType = sourcecode.swift; path = RoundViews.swift; sourceTree = "<group>"; };
/* End PBXFileReference section */

/* Begin PBXFrameworksBuildPhase section */
		1B573DFD283A166F00B729CE /* Frameworks */ = {
			isa = PBXFrameworksBuildPhase;
			buildActionMask = 2147483647;
			files = (
			);
			runOnlyForDeploymentPostprocessing = 0;
		};
		1B573E17283B42DE00B729CE /* Frameworks */ = {
			isa = PBXFrameworksBuildPhase;
			buildActionMask = 2147483647;
			files = (
			);
			runOnlyForDeploymentPostprocessing = 0;
		};
/* End PBXFrameworksBuildPhase section */

/* Begin PBXGroup section */
		1B573DF7283A166F00B729CE = {
			isa = PBXGroup;
			children = (
				1B573E02283A166F00B729CE /* Bulls Eye */,
				1B573E1B283B42DE00B729CE /* Bulls EyeTests */,
				1B573E01283A166F00B729CE /* Products */,
			);
			sourceTree = "<group>";
		};
		1B573E01283A166F00B729CE /* Products */ = {
			isa = PBXGroup;
			children = (
				1B573E00283A166F00B729CE /* Bulls Eye.app */,
				1B573E1A283B42DE00B729CE /* Bulls EyeTests.xctest */,
			);
			name = Products;
			sourceTree = "<group>";
		};
		1B573E02283A166F00B729CE /* Bulls Eye */ = {
			isa = PBXGroup;
			children = (
				1B573E13283B3B9D00B729CE /* App */,
				1B573E12283B3B9500B729CE /* Views */,
				1B573E11283B3B6800B729CE /* Models */,
				1B573E09283A167100B729CE /* Preview Content */,
			);
			path = "Bulls Eye";
			sourceTree = "<group>";
		};
		1B573E09283A167100B729CE /* Preview Content */ = {
			isa = PBXGroup;
			children = (
				1B573E0A283A167100B729CE /* Preview Assets.xcassets */,
			);
			path = "Preview Content";
			sourceTree = "<group>";
		};
		1B573E11283B3B6800B729CE /* Models */ = {
			isa = PBXGroup;
			children = (
				1B573E14283B3C9E00B729CE /* Game.swift */,
			);
			path = Models;
			sourceTree = "<group>";
		};
		1B573E12283B3B9500B729CE /* Views */ = {
			isa = PBXGroup;
			children = (
				1B573E05283A166F00B729CE /* ContentView.swift */,
				1B573E23283C8A8E00B729CE /* TextViews.swift */,
				1B7A9204283C991100D04D20 /* ButtonViews.swift */,
				1B7A9206283CA05F00D04D20 /* Shapes.swift */,
				1B7A9208283CAB4400D04D20 /* RoundViews.swift */,
			);
			path = Views;
			sourceTree = "<group>";
		};
		1B573E13283B3B9D00B729CE /* App */ = {
			isa = PBXGroup;
			children = (
				1B573E03283A166F00B729CE /* Bulls_EyeApp.swift */,
				1B573E07283A167100B729CE /* Assets.xcassets */,
			);
			path = App;
			sourceTree = "<group>";
		};
		1B573E1B283B42DE00B729CE /* Bulls EyeTests */ = {
			isa = PBXGroup;
			children = (
				1B573E1C283B42DE00B729CE /* Bulls_EyeTests.swift */,
			);
			path = "Bulls EyeTests";
			sourceTree = "<group>";
		};
/* End PBXGroup section */

/* Begin PBXNativeTarget section */
		1B573DFF283A166F00B729CE /* Bulls Eye */ = {
			isa = PBXNativeTarget;
			buildConfigurationList = 1B573E0E283A167100B729CE /* Build configuration list for PBXNativeTarget "Bulls Eye" */;
			buildPhases = (
				1B573DFC283A166F00B729CE /* Sources */,
				1B573DFD283A166F00B729CE /* Frameworks */,
				1B573DFE283A166F00B729CE /* Resources */,
			);
			buildRules = (
			);
			dependencies = (
			);
			name = "Bulls Eye";
			productName = "Bulls Eye";
			productReference = 1B573E00283A166F00B729CE /* Bulls Eye.app */;
			productType = "com.apple.product-type.application";
		};
		1B573E19283B42DE00B729CE /* Bulls EyeTests */ = {
			isa = PBXNativeTarget;
			buildConfigurationList = 1B573E20283B42DF00B729CE /* Build configuration list for PBXNativeTarget "Bulls EyeTests" */;
			buildPhases = (
				1B573E16283B42DE00B729CE /* Sources */,
				1B573E17283B42DE00B729CE /* Frameworks */,
				1B573E18283B42DE00B729CE /* Resources */,
			);
			buildRules = (
			);
			dependencies = (
				1B573E1F283B42DE00B729CE /* PBXTargetDependency */,
			);
			name = "Bulls EyeTests";
			productName = "Bulls EyeTests";
			productReference = 1B573E1A283B42DE00B729CE /* Bulls EyeTests.xctest */;
			productType = "com.apple.product-type.bundle.unit-test";
		};
/* End PBXNativeTarget section */

/* Begin PBXProject section */
		1B573DF8283A166F00B729CE /* Project object */ = {
			isa = PBXProject;
			attributes = {
				BuildIndependentTargetsInParallel = 1;
				LastSwiftUpdateCheck = 1320;
				LastUpgradeCheck = 1320;
				TargetAttributes = {
					1B573DFF283A166F00B729CE = {
						CreatedOnToolsVersion = 13.2.1;
					};
					1B573E19283B42DE00B729CE = {
						CreatedOnToolsVersion = 13.2.1;
						TestTargetID = 1B573DFF283A166F00B729CE;
					};
				};
			};
			buildConfigurationList = 1B573DFB283A166F00B729CE /* Build configuration list for PBXProject "Bulls Eye" */;
			compatibilityVersion = "Xcode 13.0";
			developmentRegion = en;
			hasScannedForEncodings = 0;
			knownRegions = (
				en,
				Base,
			);
			mainGroup = 1B573DF7283A166F00B729CE;
			productRefGroup = 1B573E01283A166F00B729CE /* Products */;
			projectDirPath = "";
			projectRoot = "";
			targets = (
				1B573DFF283A166F00B729CE /* Bulls Eye */,
				1B573E19283B42DE00B729CE /* Bulls EyeTests */,
			);
		};
/* End PBXProject section */

/* Begin PBXResourcesBuildPhase section */
		1B573DFE283A166F00B729CE /* Resources */ = {
			isa = PBXResourcesBuildPhase;
			buildActionMask = 2147483647;
			files = (
				1B573E0B283A167100B729CE /* Preview Assets.xcassets in Resources */,
				1B573E08283A167100B729CE /* Assets.xcassets in Resources */,
			);
			runOnlyForDeploymentPostprocessing = 0;
		};
		1B573E18283B42DE00B729CE /* Resources */ = {
			isa = PBXResourcesBuildPhase;
			buildActionMask = 2147483647;
			files = (
			);
			runOnlyForDeploymentPostprocessing = 0;
		};
/* End PBXResourcesBuildPhase section */

/* Begin PBXSourcesBuildPhase section */
		1B573DFC283A166F00B729CE /* Sources */ = {
			isa = PBXSourcesBuildPhase;
			buildActionMask = 2147483647;
			files = (
				1B573E06283A166F00B729CE /* ContentView.swift in Sources */,
				1B573E24283C8A8E00B729CE /* TextViews.swift in Sources */,
				1B7A9205283C991100D04D20 /* ButtonViews.swift in Sources */,
				1B573E15283B3C9E00B729CE /* Game.swift in Sources */,
				1B573E04283A166F00B729CE /* Bulls_EyeApp.swift in Sources */,
				1B7A9207283CA05F00D04D20 /* Shapes.swift in Sources */,
				1B7A9209283CAB4400D04D20 /* RoundViews.swift in Sources */,
			);
			runOnlyForDeploymentPostprocessing = 0;
		};
		1B573E16283B42DE00B729CE /* Sources */ = {
			isa = PBXSourcesBuildPhase;
			buildActionMask = 2147483647;
			files = (
				1B573E1D283B42DE00B729CE /* Bulls_EyeTests.swift in Sources */,
			);
			runOnlyForDeploymentPostprocessing = 0;
		};
/* End PBXSourcesBuildPhase section */

/* Begin PBXTargetDependency section */
		1B573E1F283B42DE00B729CE /* PBXTargetDependency */ = {
			isa = PBXTargetDependency;
			target = 1B573DFF283A166F00B729CE /* Bulls Eye */;
			targetProxy = 1B573E1E283B42DE00B729CE /* PBXContainerItemProxy */;
		};
/* End PBXTargetDependency section */

/* Begin XCBuildConfiguration section */
		1B573E0C283A167100B729CE /* Debug */ = {
			isa = XCBuildConfiguration;
			buildSettings = {
				ALWAYS_SEARCH_USER_PATHS = NO;
				CLANG_ANALYZER_NONNULL = YES;
				CLANG_ANALYZER_NUMBER_OBJECT_CONVERSION = YES_AGGRESSIVE;
				CLANG_CXX_LANGUAGE_STANDARD = "gnu++17";
				CLANG_CXX_LIBRARY = "libc++";
				CLANG_ENABLE_MODULES = YES;
				CLANG_ENABLE_OBJC_ARC = YES;
				CLANG_ENABLE_OBJC_WEAK = YES;
				CLANG_WARN_BLOCK_CAPTURE_AUTORELEASING = YES;
				CLANG_WARN_BOOL_CONVERSION = YES;
				CLANG_WARN_COMMA = YES;
				CLANG_WARN_CONSTANT_CONVERSION = YES;
				CLANG_WARN_DEPRECATED_OBJC_IMPLEMENTATIONS = YES;
				CLANG_WARN_DIRECT_OBJC_ISA_USAGE = YES_ERROR;
				CLANG_WARN_DOCUMENTATION_COMMENTS = YES;
				CLANG_WARN_EMPTY_BODY = YES;
				CLANG_WARN_ENUM_CONVERSION = YES;
				CLANG_WARN_INFINITE_RECURSION = YES;
				CLANG_WARN_INT_CONVERSION = YES;
				CLANG_WARN_NON_LITERAL_NULL_CONVERSION = YES;
				CLANG_WARN_OBJC_IMPLICIT_RETAIN_SELF = YES;
				CLANG_WARN_OBJC_LITERAL_CONVERSION = YES;
				CLANG_WARN_OBJC_ROOT_CLASS = YES_ERROR;
				CLANG_WARN_QUOTED_INCLUDE_IN_FRAMEWORK_HEADER = YES;
				CLANG_WARN_RANGE_LOOP_ANALYSIS = YES;
				CLANG_WARN_STRICT_PROTOTYPES = YES;
				CLANG_WARN_SUSPICIOUS_MOVE = YES;
				CLANG_WARN_UNGUARDED_AVAILABILITY = YES_AGGRESSIVE;
				CLANG_WARN_UNREACHABLE_CODE = YES;
				CLANG_WARN__DUPLICATE_METHOD_MATCH = YES;
				COPY_PHASE_STRIP = NO;
				DEBUG_INFORMATION_FORMAT = dwarf;
				ENABLE_STRICT_OBJC_MSGSEND = YES;
				ENABLE_TESTABILITY = YES;
				GCC_C_LANGUAGE_STANDARD = gnu11;
				GCC_DYNAMIC_NO_PIC = NO;
				GCC_NO_COMMON_BLOCKS = YES;
				GCC_OPTIMIZATION_LEVEL = 0;
				GCC_PREPROCESSOR_DEFINITIONS = (
					"DEBUG=1",
					"$(inherited)",
				);
				GCC_WARN_64_TO_32_BIT_CONVERSION = YES;
				GCC_WARN_ABOUT_RETURN_TYPE = YES_ERROR;
				GCC_WARN_UNDECLARED_SELECTOR = YES;
				GCC_WARN_UNINITIALIZED_AUTOS = YES_AGGRESSIVE;
				GCC_WARN_UNUSED_FUNCTION = YES;
				GCC_WARN_UNUSED_VARIABLE = YES;
				IPHONEOS_DEPLOYMENT_TARGET = 15.2;
				MTL_ENABLE_DEBUG_INFO = INCLUDE_SOURCE;
				MTL_FAST_MATH = YES;
				ONLY_ACTIVE_ARCH = YES;
				SDKROOT = iphoneos;
				SWIFT_ACTIVE_COMPILATION_CONDITIONS = DEBUG;
				SWIFT_OPTIMIZATION_LEVEL = "-Onone";
			};
			name = Debug;
		};
		1B573E0D283A167100B729CE /* Release */ = {
			isa = XCBuildConfiguration;
			buildSettings = {
				ALWAYS_SEARCH_USER_PATHS = NO;
				CLANG_ANALYZER_NONNULL = YES;
				CLANG_ANALYZER_NUMBER_OBJECT_CONVERSION = YES_AGGRESSIVE;
				CLANG_CXX_LANGUAGE_STANDARD = "gnu++17";
				CLANG_CXX_LIBRARY = "libc++";
				CLANG_ENABLE_MODULES = YES;
				CLANG_ENABLE_OBJC_ARC = YES;
				CLANG_ENABLE_OBJC_WEAK = YES;
				CLANG_WARN_BLOCK_CAPTURE_AUTORELEASING = YES;
				CLANG_WARN_BOOL_CONVERSION = YES;
				CLANG_WARN_COMMA = YES;
				CLANG_WARN_CONSTANT_CONVERSION = YES;
				CLANG_WARN_DEPRECATED_OBJC_IMPLEMENTATIONS = YES;
				CLANG_WARN_DIRECT_OBJC_ISA_USAGE = YES_ERROR;
				CLANG_WARN_DOCUMENTATION_COMMENTS = YES;
				CLANG_WARN_EMPTY_BODY = YES;
				CLANG_WARN_ENUM_CONVERSION = YES;
				CLANG_WARN_INFINITE_RECURSION = YES;
				CLANG_WARN_INT_CONVERSION = YES;
				CLANG_WARN_NON_LITERAL_NULL_CONVERSION = YES;
				CLANG_WARN_OBJC_IMPLICIT_RETAIN_SELF = YES;
				CLANG_WARN_OBJC_LITERAL_CONVERSION = YES;
				CLANG_WARN_OBJC_ROOT_CLASS = YES_ERROR;
				CLANG_WARN_QUOTED_INCLUDE_IN_FRAMEWORK_HEADER = YES;
				CLANG_WARN_RANGE_LOOP_ANALYSIS = YES;
				CLANG_WARN_STRICT_PROTOTYPES = YES;
				CLANG_WARN_SUSPICIOUS_MOVE = YES;
				CLANG_WARN_UNGUARDED_AVAILABILITY = YES_AGGRESSIVE;
				CLANG_WARN_UNREACHABLE_CODE = YES;
				CLANG_WARN__DUPLICATE_METHOD_MATCH = YES;
				COPY_PHASE_STRIP = NO;
				DEBUG_INFORMATION_FORMAT = "dwarf-with-dsym";
				ENABLE_NS_ASSERTIONS = NO;
				ENABLE_STRICT_OBJC_MSGSEND = YES;
				GCC_C_LANGUAGE_STANDARD = gnu11;
				GCC_NO_COMMON_BLOCKS = YES;
				GCC_WARN_64_TO_32_BIT_CONVERSION = YES;
				GCC_WARN_ABOUT_RETURN_TYPE = YES_ERROR;
				GCC_WARN_UNDECLARED_SELECTOR = YES;
				GCC_WARN_UNINITIALIZED_AUTOS = YES_AGGRESSIVE;
				GCC_WARN_UNUSED_FUNCTION = YES;
				GCC_WARN_UNUSED_VARIABLE = YES;
				IPHONEOS_DEPLOYMENT_TARGET = 15.2;
				MTL_ENABLE_DEBUG_INFO = NO;
				MTL_FAST_MATH = YES;
				SDKROOT = iphoneos;
				SWIFT_COMPILATION_MODE = wholemodule;
				SWIFT_OPTIMIZATION_LEVEL = "-O";
				VALIDATE_PRODUCT = YES;
			};
			name = Release;
		};
		1B573E0F283A167100B729CE /* Debug */ = {
			isa = XCBuildConfiguration;
			buildSettings = {
				ASSETCATALOG_COMPILER_APPICON_NAME = AppIcon;
				ASSETCATALOG_COMPILER_GLOBAL_ACCENT_COLOR_NAME = AccentColor;
				CODE_SIGN_STYLE = Automatic;
				CURRENT_PROJECT_VERSION = 1;
				DEVELOPMENT_ASSET_PATHS = "\"Bulls Eye/Preview Content\"";
				ENABLE_PREVIEWS = YES;
				GENERATE_INFOPLIST_FILE = YES;
				INFOPLIST_KEY_UIApplicationSceneManifest_Generation = YES;
				INFOPLIST_KEY_UIApplicationSupportsIndirectInputEvents = YES;
				INFOPLIST_KEY_UILaunchScreen_Generation = YES;
				INFOPLIST_KEY_UISupportedInterfaceOrientations_iPad = "UIInterfaceOrientationPortrait UIInterfaceOrientationPortraitUpsideDown UIInterfaceOrientationLandscapeLeft UIInterfaceOrientationLandscapeRight";
				INFOPLIST_KEY_UISupportedInterfaceOrientations_iPhone = "UIInterfaceOrientationPortrait UIInterfaceOrientationLandscapeLeft UIInterfaceOrientationLandscapeRight";
				LD_RUNPATH_SEARCH_PATHS = (
					"$(inherited)",
					"@executable_path/Frameworks",
				);
				MARKETING_VERSION = 1.0;
				PRODUCT_BUNDLE_IDENTIFIER = "com.sagarlearning.swift.Bulls-Eye";
				PRODUCT_NAME = "$(TARGET_NAME)";
				SWIFT_EMIT_LOC_STRINGS = YES;
				SWIFT_VERSION = 5.0;
				TARGETED_DEVICE_FAMILY = "1,2";
			};
			name = Debug;
		};
		1B573E10283A167100B729CE /* Release */ = {
			isa = XCBuildConfiguration;
			buildSettings = {
				ASSETCATALOG_COMPILER_APPICON_NAME = AppIcon;
				ASSETCATALOG_COMPILER_GLOBAL_ACCENT_COLOR_NAME = AccentColor;
				CODE_SIGN_STYLE = Automatic;
				CURRENT_PROJECT_VERSION = 1;
				DEVELOPMENT_ASSET_PATHS = "\"Bulls Eye/Preview Content\"";
				ENABLE_PREVIEWS = YES;
				GENERATE_INFOPLIST_FILE = YES;
				INFOPLIST_KEY_UIApplicationSceneManifest_Generation = YES;
				INFOPLIST_KEY_UIApplicationSupportsIndirectInputEvents = YES;
				INFOPLIST_KEY_UILaunchScreen_Generation = YES;
				INFOPLIST_KEY_UISupportedInterfaceOrientations_iPad = "UIInterfaceOrientationPortrait UIInterfaceOrientationPortraitUpsideDown UIInterfaceOrientationLandscapeLeft UIInterfaceOrientationLandscapeRight";
				INFOPLIST_KEY_UISupportedInterfaceOrientations_iPhone = "UIInterfaceOrientationPortrait UIInterfaceOrientationLandscapeLeft UIInterfaceOrientationLandscapeRight";
				LD_RUNPATH_SEARCH_PATHS = (
					"$(inherited)",
					"@executable_path/Frameworks",
				);
				MARKETING_VERSION = 1.0;
				PRODUCT_BUNDLE_IDENTIFIER = "com.sagarlearning.swift.Bulls-Eye";
				PRODUCT_NAME = "$(TARGET_NAME)";
				SWIFT_EMIT_LOC_STRINGS = YES;
				SWIFT_VERSION = 5.0;
				TARGETED_DEVICE_FAMILY = "1,2";
			};
			name = Release;
		};
		1B573E21283B42DF00B729CE /* Debug */ = {
			isa = XCBuildConfiguration;
			buildSettings = {
				BUNDLE_LOADER = "$(TEST_HOST)";
				CODE_SIGN_STYLE = Automatic;
				CURRENT_PROJECT_VERSION = 1;
				GENERATE_INFOPLIST_FILE = YES;
				MARKETING_VERSION = 1.0;
				PRODUCT_BUNDLE_IDENTIFIER = "com.sagarlearning.swift.Bulls-EyeTests";
				PRODUCT_NAME = "$(TARGET_NAME)";
				SWIFT_EMIT_LOC_STRINGS = NO;
				SWIFT_VERSION = 5.0;
				TARGETED_DEVICE_FAMILY = "1,2";
				TEST_HOST = "$(BUILT_PRODUCTS_DIR)/Bulls Eye.app/Bulls Eye";
			};
			name = Debug;
		};
		1B573E22283B42DF00B729CE /* Release */ = {
			isa = XCBuildConfiguration;
			buildSettings = {
				BUNDLE_LOADER = "$(TEST_HOST)";
				CODE_SIGN_STYLE = Automatic;
				CURRENT_PROJECT_VERSION = 1;
				GENERATE_INFOPLIST_FILE = YES;
				MARKETING_VERSION = 1.0;
				PRODUCT_BUNDLE_IDENTIFIER = "com.sagarlearning.swift.Bulls-EyeTests";
				PRODUCT_NAME = "$(TARGET_NAME)";
				SWIFT_EMIT_LOC_STRINGS = NO;
				SWIFT_VERSION = 5.0;
				TARGETED_DEVICE_FAMILY = "1,2";
				TEST_HOST = "$(BUILT_PRODUCTS_DIR)/Bulls Eye.app/Bulls Eye";
			};
			name = Release;
		};
/* End XCBuildConfiguration section */

/* Begin XCConfigurationList section */
		1B573DFB283A166F00B729CE /* Build configuration list for PBXProject "Bulls Eye" */ = {
			isa = XCConfigurationList;
			buildConfigurations = (
				1B573E0C283A167100B729CE /* Debug */,
				1B573E0D283A167100B729CE /* Release */,
			);
			defaultConfigurationIsVisible = 0;
			defaultConfigurationName = Release;
		};
		1B573E0E283A167100B729CE /* Build configuration list for PBXNativeTarget "Bulls Eye" */ = {
			isa = XCConfigurationList;
			buildConfigurations = (
				1B573E0F283A167100B729CE /* Debug */,
				1B573E10283A167100B729CE /* Release */,
			);
			defaultConfigurationIsVisible = 0;
			defaultConfigurationName = Release;
		};
		1B573E20283B42DF00B729CE /* Build configuration list for PBXNativeTarget "Bulls EyeTests" */ = {
			isa = XCConfigurationList;
			buildConfigurations = (
				1B573E21283B42DF00B729CE /* Debug */,
				1B573E22283B42DF00B729CE /* Release */,
			);
			defaultConfigurationIsVisible = 0;
			defaultConfigurationName = Release;
		};
/* End XCConfigurationList section */
	};
	rootObject = 1B573DF8283A166F00B729CE /* Project object */;
}
